github.com/go-sql-driver/mysql v1.3.0 h1:pgwjLi/dvffoP9aabwkT3AKpXQM93QARkjFhDDqC1UE=
github.com/go-sql-driver/mysql v1.3.0/go.mod h1:zAC/RDZ24gD3HViQzih4MyKcchzm+sOG5ZlKdlhCg5w=
github.com/mattn/go-oci8 v0.1.1 h1:aEUDxNAyDG0tv8CA3TArnDQNyc4EhnWlsfxRgDHABHM=
github.com/mattn/go-oci8 v0.1.1/go.mod h1:wjDx6Xm9q7dFtHJvIlrI99JytznLw5wQ4R+9mNXJwGI=
